Microsoft Visual Studio Solution File, Format Version 11.00
# Visual Studio 2008

Project("{8D91B3D8-C7D3-A671-0F74-D559FABF71FE}") = "ProjectColorEdu", "Assembly-CSharp.csproj", "{B290C263-B956-7F11-F3B0-7D5718CF1E6A}"
EndProject
Global
	GlobalSection(SolutionConfigurationPlatforms) = preSolution
		Debug|Any CPU = Debug|Any CPU
		Release|Any CPU = Release|Any CPU
	EndGlobalSection
	GlobalSection(ProjectConfigurationPlatforms) = postSolution
		{B290C263-B956-7F11-F3B0-7D5718CF1E6A}.Debug|Any CPU.ActiveCfg = Debug|Any CPU
		{B290C263-B956-7F11-F3B0-7D5718CF1E6A}.Debug|Any CPU.Build.0 = Debug|Any CPU
		{B290C263-B956-7F11-F3B0-7D5718CF1E6A}.Release|Any CPU.ActiveCfg = Release|Any CPU
		{B290C263-B956-7F11-F3B0-7D5718CF1E6A}.Release|Any CPU.Build.0 = Release|Any CPU
	EndGlobalSection
	GlobalSection(SolutionProperties) = preSolution
		HideSolutionNode = FALSE
	EndGlobalSection
	GlobalSection(MonoDevelopProperties) = preSolution
		StartupItem = Assembly-CSharp.csproj
	EndGlobalSection
EndGlobal
